// !$*UTF8*$!
{
	archiveVersion = 1;
	classes = {
	};
	objectVersion = 55;
	objects = {

/* Begin PBXBuildFile section */
		4B27968B284BFE3B007489F1 /* Tests_iOS.swift in Sources */ = {isa = PBXBuildFile; fileRef = 4B27968A284BFE3B007489F1 /* Tests_iOS.swift */; };
		4B27968D284BFE3B007489F1 /* Tests_iOSLaunchTests.swift in Sources */ = {isa = PBXBuildFile; fileRef = 4B27968C284BFE3B007489F1 /* Tests_iOSLaunchTests.swift */; };
		4B279697284BFE3B007489F1 /* Tests_macOS.swift in Sources */ = {isa = PBXBuildFile; fileRef = 4B279696284BFE3B007489F1 /* Tests_macOS.swift */; };
		4B279699284BFE3B007489F1 /* Tests_macOSLaunchTests.swift in Sources */ = {isa = PBXBuildFile; fileRef = 4B279698284BFE3B007489F1 /* Tests_macOSLaunchTests.swift */; };
		4B27969A284BFE3B007489F1 /* To_Do_AppApp.swift in Sources */ = {isa = PBXBuildFile; fileRef = 4B279672284BFE38007489F1 /* To_Do_AppApp.swift */; };
		4B27969B284BFE3B007489F1 /* To_Do_AppApp.swift in Sources */ = {isa = PBXBuildFile; fileRef = 4B279672284BFE38007489F1 /* To_Do_AppApp.swift */; };
		4B27969C284BFE3B007489F1 /* ContentView.swift in Sources */ = {isa = PBXBuildFile; fileRef = 4B279673284BFE38007489F1 /* ContentView.swift */; };
		4B27969D284BFE3B007489F1 /* ContentView.swift in Sources */ = {isa = PBXBuildFile; fileRef = 4B279673284BFE38007489F1 /* ContentView.swift */; };
		4B27969E284BFE3B007489F1 /* Assets.xcassets in Resources */ = {isa = PBXBuildFile; fileRef = 4B279674284BFE3B007489F1 /* Assets.xcassets */; };
		4B27969F284BFE3B007489F1 /* Assets.xcassets in Resources */ = {isa = PBXBuildFile; fileRef = 4B279674284BFE3B007489F1 /* Assets.xcassets */; };
/* End PBXBuildFile section */

/* Begin PBXContainerItemProxy section */
		4B279687284BFE3B007489F1 /* PBXContainerItemProxy */ = {
			isa = PBXContainerItemProxy;
			containerPortal = 4B27966D284BFE38007489F1 /* Project object */;
			proxyType = 1;
			remoteGlobalIDString = 4B279678284BFE3B007489F1;
			remoteInfo = "To Do App (iOS)";
		};
		4B279693284BFE3B007489F1 /* PBXContainerItemProxy */ = {
			isa = PBXContainerItemProxy;
			containerPortal = 4B27966D284BFE38007489F1 /* Project object */;
			proxyType = 1;
			remoteGlobalIDString = 4B27967E284BFE3B007489F1;
			remoteInfo = "To Do App (macOS)";
		};
/* End PBXContainerItemProxy section */

/* Begin PBXFileReference section */
		4B279672284BFE38007489F1 /* To_Do_AppApp.swift */ = {isa = PBXFileReference; lastKnownFileType = sourcecode.swift; path = To_Do_AppApp.swift; sourceTree = "<group>"; };
		4B279673284BFE38007489F1 /* ContentView.swift */ = {isa = PBXFileReference; lastKnownFileType = sourcecode.swift; path = ContentView.swift; sourceTree = "<group>"; };
		4B279674284BFE3B007489F1 /* Assets.xcassets */ = {isa = PBXFileReference; lastKnownFileType = folder.assetcatalog; path = Assets.xcassets; sourceTree = "<group>"; };
		4B279679284BFE3B007489F1 /* To Do App.app */ = {isa = PBXFileReference; explicitFileType = wrapper.application; includeInIndex = 0; path = "To Do App.app"; sourceTree = BUILT_PRODUCTS_DIR; };
		4B27967F284BFE3B007489F1 /* To Do App.app */ = {isa = PBXFileReference; explicitFileType = wrapper.application; includeInIndex = 0; path = "To Do App.app"; sourceTree = BUILT_PRODUCTS_DIR; };
		4B279681284BFE3B007489F1 /* macOS.entitlements */ = {isa = PBXFileReference; lastKnownFileType = text.plist.entitlements; path = macOS.entitlements; sourceTree = "<group>"; };
		4B279686284BFE3B007489F1 /* Tests iOS.xctest */ = {isa = PBXFileReference; explicitFileType = wrapper.cfbundle; includeInIndex = 0; path = "Tests iOS.xctest"; sourceTree = BUILT_PRODUCTS_DIR; };
		4B27968A284BFE3B007489F1 /* Tests_iOS.swift */ = {isa = PBXFileReference; lastKnownFileType = sourcecode.swift; path = Tests_iOS.swift; sourceTree = "<group>"; };
		4B27968C284BFE3B007489F1 /* Tests_iOSLaunchTests.swift */ = {isa = PBXFileReference; lastKnownFileType = sourcecode.swift; path = Tests_iOSLaunchTests.swift; sourceTree = "<group>"; };
		4B279692284BFE3B007489F1 /* Tests macOS.xctest */ = {isa = PBXFileReference; explicitFileType = wrapper.cfbundle; includeInIndex = 0; path = "Tests macOS.xctest"; sourceTree = BUILT_PRODUCTS_DIR; };
		4B279696284BFE3B007489F1 /* Tests_macOS.swift */ = {isa = PBXFileReference; lastKnownFileType = sourcecode.swift; path = Tests_macOS.swift; sourceTree = "<group>"; };
		4B279698284BFE3B007489F1 /* Tests_macOSLaunchTests.swift */ = {isa = PBXFileReference; lastKnownFileType = sourcecode.swift; path = Tests_macOSLaunchTests.swift; sourceTree = "<group>"; };
/* End PBXFileReference section */

/* Begin PBXFrameworksBuildPhase section */
		4B279676284BFE3B007489F1 /* Frameworks */ = {
			isa = PBXFrameworksBuildPhase;
			buildActionMask = 2147483647;
			files = (
			);
			runOnlyForDeploymentPostprocessing = 0;
		};
		4B27967C284BFE3B007489F1 /* Frameworks */ = {
			isa = PBXFrameworksBuildPhase;
			buildActionMask = 2147483647;
			files = (
			);
			runOnlyForDeploymentPostprocessing = 0;
		};
		4B279683284BFE3B007489F1 /* Frameworks */ = {
			isa = PBXFrameworksBuildPhase;
			buildActionMask = 2147483647;
			files = (
			);
			runOnlyForDeploymentPostprocessing = 0;
		};
		4B27968F284BFE3B007489F1 /* Frameworks */ = {
			isa = PBXFrameworksBuildPhase;
			buildActionMask = 2147483647;
			files = (
			);
			runOnlyForDeploymentPostprocessing = 0;
		};
/* End PBXFrameworksBuildPhase section */

/* Begin PBXGroup section */
		4B27966C284BFE38007489F1 = {
			isa = PBXGroup;
			children = (
				4B279671284BFE38007489F1 /* Shared */,
				4B279680284BFE3B007489F1 /* macOS */,
				4B279689284BFE3B007489F1 /* Tests iOS */,
				4B279695284BFE3B007489F1 /* Tests macOS */,
				4B27967A284BFE3B007489F1 /* Products */,
			);
			sourceTree = "<group>";
		};
		4B279671284BFE38007489F1 /* Shared */ = {
			isa = PBXGroup;
			children = (
				4B279672284BFE38007489F1 /* To_Do_AppApp.swift */,
				4B279673284BFE38007489F1 /* ContentView.swift */,
				4B279674284BFE3B007489F1 /* Assets.xcassets */,
			);
			path = Shared;
			sourceTree = "<group>";
		};
		4B27967A284BFE3B007489F1 /* Products */ = {
			isa = PBXGroup;
			children = (
				4B279679284BFE3B007489F1 /* To Do App.app */,
				4B27967F284BFE3B007489F1 /* To Do App.app */,
				4B279686284BFE3B007489F1 /* Tests iOS.xctest */,
				4B279692284BFE3B007489F1 /* Tests macOS.xctest */,
			);
			name = Products;
			sourceTree = "<group>";
		};
		4B279680284BFE3B007489F1 /* macOS */ = {
			isa = PBXGroup;
			children = (
				4B279681284BFE3B007489F1 /* macOS.entitlements */,
			);
			path = macOS;
			sourceTree = "<group>";
		};
		4B279689284BFE3B007489F1 /* Tests iOS */ = {
			isa = PBXGroup;
			children = (
				4B27968A284BFE3B007489F1 /* Tests_iOS.swift */,
				4B27968C284BFE3B007489F1 /* Tests_iOSLaunchTests.swift */,
			);
			path = "Tests iOS";
			sourceTree = "<group>";
		};
		4B279695284BFE3B007489F1 /* Tests macOS */ = {
			isa = PBXGroup;
			children = (
				4B279696284BFE3B007489F1 /* Tests_macOS.swift */,
				4B279698284BFE3B007489F1 /* Tests_macOSLaunchTests.swift */,
			);
			path = "Tests macOS";
			sourceTree = "<group>";
		};
/* End PBXGroup section */

/* Begin PBXNativeTarget section */
		4B279678284BFE3B007489F1 /* To Do App (iOS) */ = {
			isa = PBXNativeTarget;
			buildConfigurationList = 4B2796A2284BFE3B007489F1 /* Build configuration list for PBXNativeTarget "To Do App (iOS)" */;
			buildPhases = (
				4B279675284BFE3B007489F1 /* Sources */,
				4B279676284BFE3B007489F1 /* Frameworks */,
				4B279677284BFE3B007489F1 /* Resources */,
			);
			buildRules = (
			);
			dependencies = (
			);
			name = "To Do App (iOS)";
			productName = "To Do App (iOS)";
			productReference = 4B279679284BFE3B007489F1 /* To Do App.app */;
			productType = "com.apple.product-type.application";
		};
		4B27967E284BFE3B007489F1 /* To Do App (macOS) */ = {
			isa = PBXNativeTarget;
			buildConfigurationList = 4B2796A5284BFE3B007489F1 /* Build configuration list for PBXNativeTarget "To Do App (macOS)" */;
			buildPhases = (
				4B27967B284BFE3B007489F1 /* Sources */,
				4B27967C284BFE3B007489F1 /* Frameworks */,
				4B27967D284BFE3B007489F1 /* Resources */,
			);
			buildRules = (
			);
			dependencies = (
			);
			name = "To Do App (macOS)";
			productName = "To Do App (macOS)";
			productReference = 4B27967F284BFE3B007489F1 /* To Do App.app */;
			productType = "com.apple.product-type.application";
		};
		4B279685284BFE3B007489F1 /* Tests iOS */ = {
			isa = PBXNativeTarget;
			buildConfigurationList = 4B2796A8284BFE3B007489F1 /* Build configuration list for PBXNativeTarget "Tests iOS" */;
			buildPhases = (
				4B279682284BFE3B007489F1 /* Sources */,
				4B279683284BFE3B007489F1 /* Frameworks */,
				4B279684284BFE3B007489F1 /* Resources */,
			);
			buildRules = (
			);
			dependencies = (
				4B279688284BFE3B007489F1 /* PBXTargetDependency */,
			);
			name = "Tests iOS";
			productName = "Tests iOS";
			productReference = 4B279686284BFE3B007489F1 /* Tests iOS.xctest */;
			productType = "com.apple.product-type.bundle.ui-testing";
		};
		4B279691284BFE3B007489F1 /* Tests macOS */ = {
			isa = PBXNativeTarget;
			buildConfigurationList = 4B2796AB284BFE3B007489F1 /* Build configuration list for PBXNativeTarget "Tests macOS" */;
			buildPhases = (
				4B27968E284BFE3B007489F1 /* Sources */,
				4B27968F284BFE3B007489F1 /* Frameworks */,
				4B279690284BFE3B007489F1 /* Resources */,
			);
			buildRules = (
			);
			dependencies = (
				4B279694284BFE3B007489F1 /* PBXTargetDependency */,
			);
			name = "Tests macOS";
			productName = "Tests macOS";
			productReference = 4B279692284BFE3B007489F1 /* Tests macOS.xctest */;
			productType = "com.apple.product-type.bundle.ui-testing";
		};
/* End PBXNativeTarget section */

/* Begin PBXProject section */
		4B27966D284BFE38007489F1 /* Project object */ = {
			isa = PBXProject;
			attributes = {
				BuildIndependentTargetsInParallel = 1;
				LastSwiftUpdateCheck = 1340;
				LastUpgradeCheck = 1340;
				TargetAttributes = {
					4B279678284BFE3B007489F1 = {
						CreatedOnToolsVersion = 13.4.1;
					};
					4B27967E284BFE3B007489F1 = {
						CreatedOnToolsVersion = 13.4.1;
					};
					4B279685284BFE3B007489F1 = {
						CreatedOnToolsVersion = 13.4.1;
						TestTargetID = 4B279678284BFE3B007489F1;
					};
					4B279691284BFE3B007489F1 = {
						CreatedOnToolsVersion = 13.4.1;
						TestTargetID = 4B27967E284BFE3B007489F1;
					};
				};
			};
			buildConfigurationList = 4B279670284BFE38007489F1 /* Build configuration list for PBXProject "To Do App" */;
			compatibilityVersion = "Xcode 13.0";
			developmentRegion = en;
			hasScannedForEncodings = 0;
			knownRegions = (
				en,
				Base,
			);
			mainGroup = 4B27966C284BFE38007489F1;
			productRefGroup = 4B27967A284BFE3B007489F1 /* Products */;
			projectDirPath = "";
			projectRoot = "";
			targets = (
				4B279678284BFE3B007489F1 /* To Do App (iOS) */,
				4B27967E284BFE3B007489F1 /* To Do App (macOS) */,
				4B279685284BFE3B007489F1 /* Tests iOS */,
				4B279691284BFE3B007489F1 /* Tests macOS */,
			);
		};
/* End PBXProject section */

/* Begin PBXResourcesBuildPhase section */
		4B279677284BFE3B007489F1 /* Resources */ = {
			isa = PBXResourcesBuildPhase;
			buildActionMask = 2147483647;
			files = (
				4B27969E284BFE3B007489F1 /* Assets.xcassets in Resources */,
			);
			runOnlyForDeploymentPostprocessing = 0;
		};
		4B27967D284BFE3B007489F1 /* Resources */ = {
			isa = PBXResourcesBuildPhase;
			buildActionMask = 2147483647;
			files = (
				4B27969F284BFE3B007489F1 /* Assets.xcassets in Resources */,
			);
			runOnlyForDeploymentPostprocessing = 0;
		};
		4B279684284BFE3B007489F1 /* Resources */ = {
			isa = PBXResourcesBuildPhase;
			buildActionMask = 2147483647;
			files = (
			);
			runOnlyForDeploymentPostprocessing = 0;
		};
		4B279690284BFE3B007489F1 /* Resources */ = {
			isa = PBXResourcesBuildPhase;
			buildActionMask = 2147483647;
			files = (
			);
			runOnlyForDeploymentPostprocessing = 0;
		};
/* End PBXResourcesBuildPhase section */

/* Begin PBXSourcesBuildPhase section */
		4B279675284BFE3B007489F1 /* Sources */ = {
			isa = PBXSourcesBuildPhase;
			buildActionMask = 2147483647;
			files = (
				4B27969C284BFE3B007489F1 /* ContentView.swift in Sources */,
				4B27969A284BFE3B007489F1 /* To_Do_AppApp.swift in Sources */,
			);
			runOnlyForDeploymentPostprocessing = 0;
		};
		4B27967B284BFE3B007489F1 /* Sources */ = {
			isa = PBXSourcesBuildPhase;
			buildActionMask = 2147483647;
			files = (
				4B27969D284BFE3B007489F1 /* ContentView.swift in Sources */,
				4B27969B284BFE3B007489F1 /* To_Do_AppApp.swift in Sources */,
			);
			runOnlyForDeploymentPostprocessing = 0;
		};
		4B279682284BFE3B007489F1 /* Sources */ = {
			isa = PBXSourcesBuildPhase;
			buildActionMask = 2147483647;
			files = (
				4B27968D284BFE3B007489F1 /* Tests_iOSLaunchTests.swift in Sources */,
				4B27968B284BFE3B007489F1 /* Tests_iOS.swift in Sources */,
			);
			runOnlyForDeploymentPostprocessing = 0;
		};
		4B27968E284BFE3B007489F1 /* Sources */ = {
			isa = PBXSourcesBuildPhase;
			buildActionMask = 2147483647;
			files = (
				4B279699284BFE3B007489F1 /* Tests_macOSLaunchTests.swift in Sources */,
				4B279697284BFE3B007489F1 /* Tests_macOS.swift in Sources */,
			);
			runOnlyForDeploymentPostprocessing = 0;
		};
/* End PBXSourcesBuildPhase section */

/* Begin PBXTargetDependency section */
		4B279688284BFE3B007489F1 /* PBXTargetDependency */ = {
			isa = PBXTargetDependency;
			target = 4B279678284BFE3B007489F1 /* To Do App (iOS) */;
			targetProxy = 4B279687284BFE3B007489F1 /* PBXContainerItemProxy */;
		};
		4B279694284BFE3B007489F1 /* PBXTargetDependency */ = {
			isa = PBXTargetDependency;
			target = 4B27967E284BFE3B007489F1 /* To Do App (macOS) */;
			targetProxy = 4B279693284BFE3B007489F1 /* PBXContainerItemProxy */;
		};
/* End PBXTargetDependency section */

/* Begin XCBuildConfiguration section */
		4B2796A0284BFE3B007489F1 /* Debug */ = {
			isa = XCBuildConfiguration;
			buildSettings = {
				ALWAYS_SEARCH_USER_PATHS = NO;
				CLANG_ANALYZER_NONNULL = YES;
				CLANG_ANALYZER_NUMBER_OBJECT_CONVERSION = YES_AGGRESSIVE;
				CLANG_CXX_LANGUAGE_STANDARD = "gnu++17";
				CLANG_ENABLE_MODULES = YES;
				CLANG_ENABLE_OBJC_ARC = YES;
				CLANG_ENABLE_OBJC_WEAK = YES;
				CLANG_WARN_BLOCK_CAPTURE_AUTORELEASING = YES;
				CLANG_WARN_BOOL_CONVERSION = YES;
				CLANG_WARN_COMMA = YES;
				CLANG_WARN_CONSTANT_CONVERSION = YES;
				CLANG_WARN_DEPRECATED_OBJC_IMPLEMENTATIONS = YES;
				CLANG_WARN_DIRECT_OBJC_ISA_USAGE = YES_ERROR;
				CLANG_WARN_DOCUMENTATION_COMMENTS = YES;
				CLANG_WARN_EMPTY_BODY = YES;
				CLANG_WARN_ENUM_CONVERSION = YES;
				CLANG_WARN_INFINITE_RECURSION = YES;
				CLANG_WARN_INT_CONVERSION = YES;
				CLANG_WARN_NON_LITERAL_NULL_CONVERSION = YES;
				CLANG_WARN_OBJC_IMPLICIT_RETAIN_SELF = YES;
				CLANG_WARN_OBJC_LITERAL_CONVERSION = YES;
				CLANG_WARN_OBJC_ROOT_CLASS = YES_ERROR;
				CLANG_WARN_QUOTED_INCLUDE_IN_FRAMEWORK_HEADER = YES;
				CLANG_WARN_RANGE_LOOP_ANALYSIS = YES;
				CLANG_WARN_STRICT_PROTOTYPES = YES;
				CLANG_WARN_SUSPICIOUS_MOVE = YES;
				CLANG_WARN_UNGUARDED_AVAILABILITY = YES_AGGRESSIVE;
				CLANG_WARN_UNREACHABLE_CODE = YES;
				CLANG_WARN__DUPLICATE_METHOD_MATCH = YES;
				COPY_PHASE_STRIP = NO;
				DEBUG_INFORMATION_FORMAT = dwarf;
				ENABLE_STRICT_OBJC_MSGSEND = YES;
				ENABLE_TESTABILITY = YES;
				GCC_C_LANGUAGE_STANDARD = gnu11;
				GCC_DYNAMIC_NO_PIC = NO;
				GCC_NO_COMMON_BLOCKS = YES;
				GCC_OPTIMIZATION_LEVEL = 0;
				GCC_PREPROCESSOR_DEFINITIONS = (
					"DEBUG=1",
					"$(inherited)",
				);
				GCC_WARN_64_TO_32_BIT_CONVERSION = YES;
				GCC_WARN_ABOUT_RETURN_TYPE = YES_ERROR;
				GCC_WARN_UNDECLARED_SELECTOR = YES;
				GCC_WARN_UNINITIALIZED_AUTOS = YES_AGGRESSIVE;
				GCC_WARN_UNUSED_FUNCTION = YES;
				GCC_WARN_UNUSED_VARIABLE = YES;
				MTL_ENABLE_DEBUG_INFO = INCLUDE_SOURCE;
				MTL_FAST_MATH = YES;
				ONLY_ACTIVE_ARCH = YES;
				SWIFT_ACTIVE_COMPILATION_CONDITIONS = DEBUG;
				SWIFT_OPTIMIZATION_LEVEL = "-Onone";
			};
			name = Debug;
		};
		4B2796A1284BFE3B007489F1 /* Release */ = {
			isa = XCBuildConfiguration;
			buildSettings = {
				ALWAYS_SEARCH_USER_PATHS = NO;
				CLANG_ANALYZER_NONNULL = YES;
				CLANG_ANALYZER_NUMBER_OBJECT_CONVERSION = YES_AGGRESSIVE;
				CLANG_CXX_LANGUAGE_STANDARD = "gnu++17";
				CLANG_ENABLE_MODULES = YES;
				CLANG_ENABLE_OBJC_ARC = YES;
				CLANG_ENABLE_OBJC_WEAK = YES;
				CLANG_WARN_BLOCK_CAPTURE_AUTORELEASING = YES;
				CLANG_WARN_BOOL_CONVERSION = YES;
				CLANG_WARN_COMMA = YES;
				CLANG_WARN_CONSTANT_CONVERSION = YES;
				CLANG_WARN_DEPRECATED_OBJC_IMPLEMENTATIONS = YES;
				CLANG_WARN_DIRECT_OBJC_ISA_USAGE = YES_ERROR;
				CLANG_WARN_DOCUMENTATION_COMMENTS = YES;
				CLANG_WARN_EMPTY_BODY = YES;
				CLANG_WARN_ENUM_CONVERSION = YES;
				CLANG_WARN_INFINITE_RECURSION = YES;
				CLANG_WARN_INT_CONVERSION = YES;
				CLANG_WARN_NON_LITERAL_NULL_CONVERSION = YES;
				CLANG_WARN_OBJC_IMPLICIT_RETAIN_SELF = YES;
				CLANG_WARN_OBJC_LITERAL_CONVERSION = YES;
				CLANG_WARN_OBJC_ROOT_CLASS = YES_ERROR;
				CLANG_WARN_QUOTED_INCLUDE_IN_FRAMEWORK_HEADER = YES;
				CLANG_WARN_RANGE_LOOP_ANALYSIS = YES;
				CLANG_WARN_STRICT_PROTOTYPES = YES;
				CLANG_WARN_SUSPICIOUS_MOVE = YES;
				CLANG_WARN_UNGUARDED_AVAILABILITY = YES_AGGRESSIVE;
				CLANG_WARN_UNREACHABLE_CODE = YES;
				CLANG_WARN__DUPLICATE_METHOD_MATCH = YES;
				COPY_PHASE_STRIP = NO;
				DEBUG_INFORMATION_FORMAT = "dwarf-with-dsym";
				ENABLE_NS_ASSERTIONS = NO;
				ENABLE_STRICT_OBJC_MSGSEND = YES;
				GCC_C_LANGUAGE_STANDARD = gnu11;
				GCC_NO_COMMON_BLOCKS = YES;
				GCC_WARN_64_TO_32_BIT_CONVERSION = YES;
				GCC_WARN_ABOUT_RETURN_TYPE = YES_ERROR;
				GCC_WARN_UNDECLARED_SELECTOR = YES;
				GCC_WARN_UNINITIALIZED_AUTOS = YES_AGGRESSIVE;
				GCC_WARN_UNUSED_FUNCTION = YES;
				GCC_WARN_UNUSED_VARIABLE = YES;
				MTL_ENABLE_DEBUG_INFO = NO;
				MTL_FAST_MATH = YES;
				SWIFT_COMPILATION_MODE = wholemodule;
				SWIFT_OPTIMIZATION_LEVEL = "-O";
			};
			name = Release;
		};
		4B2796A3284BFE3B007489F1 /* Debug */ = {
			isa = XCBuildConfiguration;
			buildSettings = {
				ASSETCATALOG_COMPILER_APPICON_NAME = AppIcon;
				ASSETCATALOG_COMPILER_GLOBAL_ACCENT_COLOR_NAME = AccentColor;
				CODE_SIGN_STYLE = Automatic;
				CURRENT_PROJECT_VERSION = 1;
				DEVELOPMENT_TEAM = 9FHGGD776V;
				ENABLE_PREVIEWS = YES;
				GENERATE_INFOPLIST_FILE = YES;
				INFOPLIST_KEY_UIApplicationSceneManifest_Generation = YES;
				INFOPLIST_KEY_UIApplicationSupportsIndirectInputEvents = YES;
				INFOPLIST_KEY_UILaunchScreen_Generation = YES;
				INFOPLIST_KEY_UISupportedInterfaceOrientations_iPad = "UIInterfaceOrientationPortrait UIInterfaceOrientationPortraitUpsideDown UIInterfaceOrientationLandscapeLeft UIInterfaceOrientationLandscapeRight";
				INFOPLIST_KEY_UISupportedInterfaceOrientations_iPhone = "UIInterfaceOrientationPortrait UIInterfaceOrientationLandscapeLeft UIInterfaceOrientationLandscapeRight";
				IPHONEOS_DEPLOYMENT_TARGET = 15.5;
				LD_RUNPATH_SEARCH_PATHS = (
					"$(inherited)",
					"@executable_path/Frameworks",
				);
				MARKETING_VERSION = 1.0;
				PRODUCT_BUNDLE_IDENTIFIER = "Artush-CO.To-Do-App";
				PRODUCT_NAME = "To Do App";
				SDKROOT = iphoneos;
				SWIFT_EMIT_LOC_STRINGS = YES;
				SWIFT_VERSION = 5.0;
				TARGETED_DEVICE_FAMILY = "1,2";
			};
			name = Debug;
		};
		4B2796A4284BFE3B007489F1 /* Release */ = {
			isa = XCBuildConfiguration;
			buildSettings = {
				ASSETCATALOG_COMPILER_APPICON_NAME = AppIcon;
				ASSETCATALOG_COMPILER_GLOBAL_ACCENT_COLOR_NAME = AccentColor;
				CODE_SIGN_STYLE = Automatic;
				CURRENT_PROJECT_VERSION = 1;
				DEVELOPMENT_TEAM = 9FHGGD776V;
				ENABLE_PREVIEWS = YES;
				GENERATE_INFOPLIST_FILE = YES;
				INFOPLIST_KEY_UIApplicationSceneManifest_Generation = YES;
				INFOPLIST_KEY_UIApplicationSupportsIndirectInputEvents = YES;
				INFOPLIST_KEY_UILaunchScreen_Generation = YES;
				INFOPLIST_KEY_UISupportedInterfaceOrientations_iPad = "UIInterfaceOrientationPortrait UIInterfaceOrientationPortraitUpsideDown UIInterfaceOrientationLandscapeLeft UIInterfaceOrientationLandscapeRight";
				INFOPLIST_KEY_UISupportedInterfaceOrientations_iPhone = "UIInterfaceOrientationPortrait UIInterfaceOrientationLandscapeLeft UIInterfaceOrientationLandscapeRight";
				IPHONEOS_DEPLOYMENT_TARGET = 15.5;
				LD_RUNPATH_SEARCH_PATHS = (
					"$(inherited)",
					"@executable_path/Frameworks",
				);
				MARKETING_VERSION = 1.0;
				PRODUCT_BUNDLE_IDENTIFIER = "Artush-CO.To-Do-App";
				PRODUCT_NAME = "To Do App";
				SDKROOT = iphoneos;
				SWIFT_EMIT_LOC_STRINGS = YES;
				SWIFT_VERSION = 5.0;
				TARGETED_DEVICE_FAMILY = "1,2";
				VALIDATE_PRODUCT = YES;
			};
			name = Release;
		};
		4B2796A6284BFE3B007489F1 /* Debug */ = {
			isa = XCBuildConfiguration;
			buildSettings = {
				ASSETCATALOG_COMPILER_APPICON_NAME = AppIcon;
				ASSETCATALOG_COMPILER_GLOBAL_ACCENT_COLOR_NAME = AccentColor;
				CODE_SIGN_ENTITLEMENTS = macOS/macOS.entitlements;
				CODE_SIGN_STYLE = Automatic;
				COMBINE_HIDPI_IMAGES = YES;
				CURRENT_PROJECT_VERSION = 1;
				DEVELOPMENT_TEAM = 9FHGGD776V;
				ENABLE_HARDENED_RUNTIME = YES;
				ENABLE_PREVIEWS = YES;
				GENERATE_INFOPLIST_FILE = YES;
				INFOPLIST_KEY_NSHumanReadableCopyright = "";
				LD_RUNPATH_SEARCH_PATHS = (
					"$(inherited)",
					"@executable_path/../Frameworks",
				);
				MACOSX_DEPLOYMENT_TARGET = 12.3;
				MARKETING_VERSION = 1.0;
				PRODUCT_BUNDLE_IDENTIFIER = "Artush-CO.To-Do-App";
				PRODUCT_NAME = "To Do App";
				SDKROOT = macosx;
				SWIFT_EMIT_LOC_STRINGS = YES;
				SWIFT_VERSION = 5.0;
			};
			name = Debug;
		};
		4B2796A7284BFE3B007489F1 /* Release */ = {
			isa = XCBuildConfiguration;
			buildSettings = {
				ASSETCATALOG_COMPILER_APPICON_NAME = AppIcon;
				ASSETCATALOG_COMPILER_GLOBAL_ACCENT_COLOR_NAME = AccentColor;
				CODE_SIGN_ENTITLEMENTS = macOS/macOS.entitlements;
				CODE_SIGN_STYLE = Automatic;
				COMBINE_HIDPI_IMAGES = YES;
				CURRENT_PROJECT_VERSION = 1;
				DEVELOPMENT_TEAM = 9FHGGD776V;
				ENABLE_HARDENED_RUNTIME = YES;
				ENABLE_PREVIEWS = YES;
				GENERATE_INFOPLIST_FILE = YES;
				INFOPLIST_KEY_NSHumanReadableCopyright = "";
				LD_RUNPATH_SEARCH_PATHS = (
					"$(inherited)",
					"@executable_path/../Frameworks",
				);
				MACOSX_DEPLOYMENT_TARGET = 12.3;
				MARKETING_VERSION = 1.0;
				PRODUCT_BUNDLE_IDENTIFIER = "Artush-CO.To-Do-App";
				PRODUCT_NAME = "To Do App";
				SDKROOT = macosx;
				SWIFT_EMIT_LOC_STRINGS = YES;
				SWIFT_VERSION = 5.0;
			};
			name = Release;
		};
		4B2796A9284BFE3B007489F1 /* Debug */ = {
			isa = XCBuildConfiguration;
			buildSettings = {
				ALWAYS_EMBED_SWIFT_STANDARD_LIBRARIES = YES;
				CODE_SIGN_STYLE = Automatic;
				CURRENT_PROJECT_VERSION = 1;
				DEVELOPMENT_TEAM = 9FHGGD776V;
				GENERATE_INFOPLIST_FILE = YES;
				IPHONEOS_DEPLOYMENT_TARGET = 15.5;
				MARKETING_VERSION = 1.0;
				PRODUCT_BUNDLE_IDENTIFIER = "Artush-CO.Tests-iOS";
				PRODUCT_NAME = "$(TARGET_NAME)";
				SDKROOT = iphoneos;
				SWIFT_EMIT_LOC_STRINGS = NO;
				SWIFT_VERSION = 5.0;
				TARGETED_DEVICE_FAMILY = "1,2";
				TEST_TARGET_NAME = "To Do App (iOS)";
			};
			name = Debug;
		};
		4B2796AA284BFE3B007489F1 /* Release */ = {
			isa = XCBuildConfiguration;
			buildSettings = {
				ALWAYS_EMBED_SWIFT_STANDARD_LIBRARIES = YES;
				CODE_SIGN_STYLE = Automatic;
				CURRENT_PROJECT_VERSION = 1;
				DEVELOPMENT_TEAM = 9FHGGD776V;
				GENERATE_INFOPLIST_FILE = YES;
				IPHONEOS_DEPLOYMENT_TARGET = 15.5;
				MARKETING_VERSION = 1.0;
				PRODUCT_BUNDLE_IDENTIFIER = "Artush-CO.Tests-iOS";
				PRODUCT_NAME = "$(TARGET_NAME)";
				SDKROOT = iphoneos;
				SWIFT_EMIT_LOC_STRINGS = NO;
				SWIFT_VERSION = 5.0;
				TARGETED_DEVICE_FAMILY = "1,2";
				TEST_TARGET_NAME = "To Do App (iOS)";
				VALIDATE_PRODUCT = YES;
			};
			name = Release;
		};
		4B2796AC284BFE3B007489F1 /* Debug */ = {
			isa = XCBuildConfiguration;
			buildSettings = {
				ALWAYS_EMBED_SWIFT_STANDARD_LIBRARIES = YES;
				CODE_SIGN_STYLE = Automatic;
				CURRENT_PROJECT_VERSION = 1;
				DEVELOPMENT_TEAM = 9FHGGD776V;
				GENERATE_INFOPLIST_FILE = YES;
				MACOSX_DEPLOYMENT_TARGET = 12.3;
				MARKETING_VERSION = 1.0;
				PRODUCT_BUNDLE_IDENTIFIER = "Artush-CO.Tests-macOS";
				PRODUCT_NAME = "$(TARGET_NAME)";
				SDKROOT = macosx;
				SWIFT_EMIT_LOC_STRINGS = NO;
				SWIFT_VERSION = 5.0;
				TEST_TARGET_NAME = "To Do App (macOS)";
			};
			name = Debug;
		};
		4B2796AD284BFE3B007489F1 /* Release */ = {
			isa = XCBuildConfiguration;
			buildSettings = {
				ALWAYS_EMBED_SWIFT_STANDARD_LIBRARIES = YES;
				CODE_SIGN_STYLE = Automatic;
				CURRENT_PROJECT_VERSION = 1;
				DEVELOPMENT_TEAM = 9FHGGD776V;
				GENERATE_INFOPLIST_FILE = YES;
				MACOSX_DEPLOYMENT_TARGET = 12.3;
				MARKETING_VERSION = 1.0;
				PRODUCT_BUNDLE_IDENTIFIER = "Artush-CO.Tests-macOS";
				PRODUCT_NAME = "$(TARGET_NAME)";
				SDKROOT = macosx;
				SWIFT_EMIT_LOC_STRINGS = NO;
				SWIFT_VERSION = 5.0;
				TEST_TARGET_NAME = "To Do App (macOS)";
			};
			name = Release;
		};
/* End XCBuildConfiguration section */

/* Begin XCConfigurationList section */
		4B279670284BFE38007489F1 /* Build configuration list for PBXProject "To Do App" */ = {
			isa = XCConfigurationList;
			buildConfigurations = (
				4B2796A0284BFE3B007489F1 /* Debug */,
				4B2796A1284BFE3B007489F1 /* Release */,
			);
			defaultConfigurationIsVisible = 0;
			defaultConfigurationName = Release;
		};
		4B2796A2284BFE3B007489F1 /* Build configuration list for PBXNativeTarget "To Do App (iOS)" */ = {
			isa = XCConfigurationList;
			buildConfigurations = (
				4B2796A3284BFE3B007489F1 /* Debug */,
				4B2796A4284BFE3B007489F1 /* Release */,
			);
			defaultConfigurationIsVisible = 0;
			defaultConfigurationName = Release;
		};
		4B2796A5284BFE3B007489F1 /* Build configuration list for PBXNativeTarget "To Do App (macOS)" */ = {
			isa = XCConfigurationList;
			buildConfigurations = (
				4B2796A6284BFE3B007489F1 /* Debug */,
				4B2796A7284BFE3B007489F1 /* Release */,
			);
			defaultConfigurationIsVisible = 0;
			defaultConfigurationName = Release;
		};
		4B2796A8284BFE3B007489F1 /* Build configuration list for PBXNativeTarget "Tests iOS" */ = {
			isa = XCConfigurationList;
			buildConfigurations = (
				4B2796A9284BFE3B007489F1 /* Debug */,
				4B2796AA284BFE3B007489F1 /* Release */,
			);
			defaultConfigurationIsVisible = 0;
			defaultConfigurationName = Release;
		};
		4B2796AB284BFE3B007489F1 /* Build configuration list for PBXNativeTarget "Tests macOS" */ = {
			isa = XCConfigurationList;
			buildConfigurations = (
				4B2796AC284BFE3B007489F1 /* Debug */,
				4B2796AD284BFE3B007489F1 /* Release */,
			);
			defaultConfigurationIsVisible = 0;
			defaultConfigurationName = Release;
		};
/* End XCConfigurationList section */
	};
	rootObject = 4B27966D284BFE38007489F1 /* Project object */;
}
